
Microsoft Visual Studio Solution File, Format Version 12.00
# Visual Studio Version 17
VisualStudioVersion = 17.3.32819.101
MinimumVisualStudioVersion = 10.0.40219.1
Project("{9A19103F-16F7-4668-BE54-9A1E7A4F7556}") = "Business.Case.ParanaBanco.API", "Business.Case.ParanaBanco.API\Business.Case.ParanaBanco.API.csproj", "{88712E9A-0973-4E31-B5C3-78F2999ABBEA}"
EndProject
Project("{9A19103F-16F7-4668-BE54-9A1E7A4F7556}") = "Business.case.ParanaBanco.DB", "Business.case.ParanaBanco.DB\Business.case.ParanaBanco.DB.csproj", "{3ED2C401-6311-44CC-84D9-F440CC0C4CA0}"
EndProject
Project("{FAE04EC0-301F-11D3-BF4B-00C04F79EFBC}") = "Business.Case.ParanaBanco.Teste", "Business.Case.ParanaBanco.Teste\Business.Case.ParanaBanco.Teste.csproj", "{5D308619-0999-4D63-9A2B-FBE5C0D5A1A6}"
EndProject
Global
	GlobalSection(SolutionConfigurationPlatforms) = preSolution
		Debug|Any CPU = Debug|Any CPU
		Release|Any CPU = Release|Any CPU
	EndGlobalSection
	GlobalSection(ProjectConfigurationPlatforms) = postSolution
		{88712E9A-0973-4E31-B5C3-78F2999ABBEA}.Debug|Any CPU.ActiveCfg = Debug|Any CPU
		{88712E9A-0973-4E31-B5C3-78F2999ABBEA}.Debug|Any CPU.Build.0 = Debug|Any CPU
		{88712E9A-0973-4E31-B5C3-78F2999ABBEA}.Release|Any CPU.ActiveCfg = Release|Any CPU
		{88712E9A-0973-4E31-B5C3-78F2999ABBEA}.Release|Any CPU.Build.0 = Release|Any CPU
		{3ED2C401-6311-44CC-84D9-F440CC0C4CA0}.Debug|Any CPU.ActiveCfg = Debug|Any CPU
		{3ED2C401-6311-44CC-84D9-F440CC0C4CA0}.Debug|Any CPU.Build.0 = Debug|Any CPU
		{3ED2C401-6311-44CC-84D9-F440CC0C4CA0}.Release|Any CPU.ActiveCfg = Release|Any CPU
		{3ED2C401-6311-44CC-84D9-F440CC0C4CA0}.Release|Any CPU.Build.0 = Release|Any CPU
		{5D308619-0999-4D63-9A2B-FBE5C0D5A1A6}.Debug|Any CPU.ActiveCfg = Debug|Any CPU
		{5D308619-0999-4D63-9A2B-FBE5C0D5A1A6}.Debug|Any CPU.Build.0 = Debug|Any CPU
		{5D308619-0999-4D63-9A2B-FBE5C0D5A1A6}.Release|Any CPU.ActiveCfg = Release|Any CPU
		{5D308619-0999-4D63-9A2B-FBE5C0D5A1A6}.Release|Any CPU.Build.0 = Release|Any CPU
	EndGlobalSection
	GlobalSection(SolutionProperties) = preSolution
		HideSolutionNode = FALSE
	EndGlobalSection
	GlobalSection(ExtensibilityGlobals) = postSolution
		SolutionGuid = {5F88F526-1ED3-4787-BDE3-85E2A8D426CC}
	EndGlobalSection
EndGlobal
